
Microsoft Visual Studio Solution File, Format Version 12.00
# Visual Studio Version 17
VisualStudioVersion = 17.1.32210.238
MinimumVisualStudioVersion = 10.0.40219.1
Project("{FAE04EC0-301F-11D3-BF4B-00C04F79EFBC}") = "CapaDatos", "CapaDatos\CapaDatos.csproj", "{B1E6343C-4F4D-40C4-B00F-F4EE02E9F133}"
EndProject
Project("{FAE04EC0-301F-11D3-BF4B-00C04F79EFBC}") = "CapaNegocio", "CapaNegocio\CapaNegocio.csproj", "{FCB32623-5044-41A5-9CB3-9F48FE2189B8}"
EndProject
Project("{FAE04EC0-301F-11D3-BF4B-00C04F79EFBC}") = "CapaUsuario", "CapaUsuario\CapaUsuario.csproj", "{03FBDB19-8A0D-4C90-BCD1-9C76395FA92B}"
EndProject
Global
	GlobalSection(SolutionConfigurationPlatforms) = preSolution
		Debug|Any CPU = Debug|Any CPU
		Release|Any CPU = Release|Any CPU
	EndGlobalSection
	GlobalSection(ProjectConfigurationPlatforms) = postSolution
		{B1E6343C-4F4D-40C4-B00F-F4EE02E9F133}.Debug|Any CPU.ActiveCfg = Debug|Any CPU
		{B1E6343C-4F4D-40C4-B00F-F4EE02E9F133}.Debug|Any CPU.Build.0 = Debug|Any CPU
		{B1E6343C-4F4D-40C4-B00F-F4EE02E9F133}.Release|Any CPU.ActiveCfg = Release|Any CPU
		{B1E6343C-4F4D-40C4-B00F-F4EE02E9F133}.Release|Any CPU.Build.0 = Release|Any CPU
		{FCB32623-5044-41A5-9CB3-9F48FE2189B8}.Debug|Any CPU.ActiveCfg = Debug|Any CPU
		{FCB32623-5044-41A5-9CB3-9F48FE2189B8}.Debug|Any CPU.Build.0 = Debug|Any CPU
		{FCB32623-5044-41A5-9CB3-9F48FE2189B8}.Release|Any CPU.ActiveCfg = Release|Any CPU
		{FCB32623-5044-41A5-9CB3-9F48FE2189B8}.Release|Any CPU.Build.0 = Release|Any CPU
		{03FBDB19-8A0D-4C90-BCD1-9C76395FA92B}.Debug|Any CPU.ActiveCfg = Debug|Any CPU
		{03FBDB19-8A0D-4C90-BCD1-9C76395FA92B}.Debug|Any CPU.Build.0 = Debug|Any CPU
		{03FBDB19-8A0D-4C90-BCD1-9C76395FA92B}.Release|Any CPU.ActiveCfg = Release|Any CPU
		{03FBDB19-8A0D-4C90-BCD1-9C76395FA92B}.Release|Any CPU.Build.0 = Release|Any CPU
	EndGlobalSection
	GlobalSection(SolutionProperties) = preSolution
		HideSolutionNode = FALSE
	EndGlobalSection
	GlobalSection(ExtensibilityGlobals) = postSolution
		SolutionGuid = {8BCD3970-2943-4B5C-A93C-7D098E1D1BFD}
	EndGlobalSection
EndGlobal
